// !$*UTF8*$!
{
	archiveVersion = 1;
	classes = {
	};
	objectVersion = 46;
	objects = {

/* Begin PBXBuildFile section */
		492680AD1BF03BE700A6C4BD /* AppDelegate.swift in Sources */ = {isa = PBXBuildFile; fileRef = 492680AC1BF03BE700A6C4BD /* AppDelegate.swift */; };
		492680AF1BF03BE700A6C4BD /* ViewController.swift in Sources */ = {isa = PBXBuildFile; fileRef = 492680AE1BF03BE700A6C4BD /* ViewController.swift */; };
		492680B21BF03BE700A6C4BD /* Main.storyboard in Resources */ = {isa = PBXBuildFile; fileRef = 492680B01BF03BE700A6C4BD /* Main.storyboard */; };
		492680B41BF03BE700A6C4BD /* Assets.xcassets in Resources */ = {isa = PBXBuildFile; fileRef = 492680B31BF03BE700A6C4BD /* Assets.xcassets */; };
		492680B71BF03BE700A6C4BD /* LaunchScreen.storyboard in Resources */ = {isa = PBXBuildFile; fileRef = 492680B51BF03BE700A6C4BD /* LaunchScreen.storyboard */; };
/* End PBXBuildFile section */

/* Begin PBXFileReference section */
		492680A91BF03BE700A6C4BD /* Swift-AutoLayout.app */ = {isa = PBXFileReference; explicitFileType = wrapper.application; includeInIndex = 0; path = "Swift-AutoLayout.app"; sourceTree = BUILT_PRODUCTS_DIR; };
		492680AC1BF03BE700A6C4BD /* AppDelegate.swift */ = {isa = PBXFileReference; lastKnownFileType = sourcecode.swift; path = AppDelegate.swift; sourceTree = "<group>"; };
		492680AE1BF03BE700A6C4BD /* ViewController.swift */ = {isa = PBXFileReference; lastKnownFileType = sourcecode.swift; path = ViewController.swift; sourceTree = "<group>"; };
		492680B11BF03BE700A6C4BD /* Base */ = {isa = PBXFileReference; lastKnownFileType = file.storyboard; name = Base; path = Base.lproj/Main.storyboard; sourceTree = "<group>"; };
		492680B31BF03BE700A6C4BD /* Assets.xcassets */ = {isa = PBXFileReference; lastKnownFileType = folder.assetcatalog; path = Assets.xcassets; sourceTree = "<group>"; };
		492680B61BF03BE700A6C4BD /* Base */ = {isa = PBXFileReference; lastKnownFileType = file.storyboard; name = Base; path = Base.lproj/LaunchScreen.storyboard; sourceTree = "<group>"; };
		492680B81BF03BE700A6C4BD /* Info.plist */ = {isa = PBXFileReference; lastKnownFileType = text.plist.xml; path = Info.plist; sourceTree = "<group>"; };
/* End PBXFileReference section */

/* Begin PBXFrameworksBuildPhase section */
		492680A61BF03BE700A6C4BD /* Frameworks */ = {
			isa = PBXFrameworksBuildPhase;
			buildActionMask = 2147483647;
			files = (
			);
			runOnlyForDeploymentPostprocessing = 0;
		};
/* End PBXFrameworksBuildPhase section */

/* Begin PBXGroup section */
		492680A01BF03BE700A6C4BD = {
			isa = PBXGroup;
			children = (
				492680AB1BF03BE700A6C4BD /* Swift-AutoLayout */,
				492680AA1BF03BE700A6C4BD /* Products */,
			);
			sourceTree = "<group>";
		};
		492680AA1BF03BE700A6C4BD /* Products */ = {
			isa = PBXGroup;
			children = (
				492680A91BF03BE700A6C4BD /* Swift-AutoLayout.app */,
			);
			name = Products;
			sourceTree = "<group>";
		};
		492680AB1BF03BE700A6C4BD /* Swift-AutoLayout */ = {
			isa = PBXGroup;
			children = (
				492680AC1BF03BE700A6C4BD /* AppDelegate.swift */,
				492680AE1BF03BE700A6C4BD /* ViewController.swift */,
				492680B01BF03BE700A6C4BD /* Main.storyboard */,
				492680B31BF03BE700A6C4BD /* Assets.xcassets */,
				492680B51BF03BE700A6C4BD /* LaunchScreen.storyboard */,
				492680B81BF03BE700A6C4BD /* Info.plist */,
			);
			path = "Swift-AutoLayout";
			sourceTree = "<group>";
		};
/* End PBXGroup section */

/* Begin PBXNativeTarget section */
		492680A81BF03BE700A6C4BD /* Swift-AutoLayout */ = {
			isa = PBXNativeTarget;
			buildConfigurationList = 492680BB1BF03BE700A6C4BD /* Build configuration list for PBXNativeTarget "Swift-AutoLayout" */;
			buildPhases = (
				492680A51BF03BE700A6C4BD /* Sources */,
				492680A61BF03BE700A6C4BD /* Frameworks */,
				492680A71BF03BE700A6C4BD /* Resources */,
			);
			buildRules = (
			);
			dependencies = (
			);
			name = "Swift-AutoLayout";
			productName = "Swift-AutoLayout";
			productReference = 492680A91BF03BE700A6C4BD /* Swift-AutoLayout.app */;
			productType = "com.apple.product-type.application";
		};
/* End PBXNativeTarget section */

/* Begin PBXProject section */
		492680A11BF03BE700A6C4BD /* Project object */ = {
			isa = PBXProject;
			attributes = {
				LastSwiftUpdateCheck = 0710;
				LastUpgradeCheck = 0710;
				ORGANIZATIONNAME = "Yiqi Wang";
				TargetAttributes = {
					492680A81BF03BE700A6C4BD = {
						CreatedOnToolsVersion = 7.1;
					};
				};
			};
			buildConfigurationList = 492680A41BF03BE700A6C4BD /* Build configuration list for PBXProject "Swift-AutoLayout" */;
			compatibilityVersion = "Xcode 3.2";
			developmentRegion = English;
			hasScannedForEncodings = 0;
			knownRegions = (
				en,
				Base,
			);
			mainGroup = 492680A01BF03BE700A6C4BD;
			productRefGroup = 492680AA1BF03BE700A6C4BD /* Products */;
			projectDirPath = "";
			projectRoot = "";
			targets = (
				492680A81BF03BE700A6C4BD /* Swift-AutoLayout */,
			);
		};
/* End PBXProject section */

/* Begin PBXResourcesBuildPhase section */
		492680A71BF03BE700A6C4BD /* Resources */ = {
			isa = PBXResourcesBuildPhase;
			buildActionMask = 2147483647;
			files = (
				492680B71BF03BE700A6C4BD /* LaunchScreen.storyboard in Resources */,
				492680B41BF03BE700A6C4BD /* Assets.xcassets in Resources */,
				492680B21BF03BE700A6C4BD /* Main.storyboard in Resources */,
			);
			runOnlyForDeploymentPostprocessing = 0;
		};
/* End PBXResourcesBuildPhase section */

/* Begin PBXSourcesBuildPhase section */
		492680A51BF03BE700A6C4BD /* Sources */ = {
			isa = PBXSourcesBuildPhase;
			buildActionMask = 2147483647;
			files = (
				492680AF1BF03BE700A6C4BD /* ViewController.swift in Sources */,
				492680AD1BF03BE700A6C4BD /* AppDelegate.swift in Sources */,
			);
			runOnlyForDeploymentPostprocessing = 0;
		};
/* End PBXSourcesBuildPhase section */

/* Begin PBXVariantGroup section */
		492680B01BF03BE700A6C4BD /* Main.storyboard */ = {
			isa = PBXVariantGroup;
			children = (
				492680B11BF03BE700A6C4BD /* Base */,
			);
			name = Main.storyboard;
			sourceTree = "<group>";
		};
		492680B51BF03BE700A6C4BD /* LaunchScreen.storyboard */ = {
			isa = PBXVariantGroup;
			children = (
				492680B61BF03BE700A6C4BD /* Base */,
			);
			name = LaunchScreen.storyboard;
			sourceTree = "<group>";
		};
/* End PBXVariantGroup section */

/* Begin XCBuildConfiguration section */
		492680B91BF03BE700A6C4BD /* Debug */ = {
			isa = XCBuildConfiguration;
			buildSettings = {
				ALWAYS_SEARCH_USER_PATHS = NO;
				CLANG_CXX_LANGUAGE_STANDARD = "gnu++0x";
				CLANG_CXX_LIBRARY = "libc++";
				CLANG_ENABLE_MODULES = YES;
				CLANG_ENABLE_OBJC_ARC = YES;
				CLANG_WARN_BOOL_CONVERSION = YES;
				CLANG_WARN_CONSTANT_CONVERSION = YES;
				CLANG_WARN_DIRECT_OBJC_ISA_USAGE = YES_ERROR;
				CLANG_WARN_EMPTY_BODY = YES;
				CLANG_WARN_ENUM_CONVERSION = YES;
				CLANG_WARN_INT_CONVERSION = YES;
				CLANG_WARN_OBJC_ROOT_CLASS = YES_ERROR;
				CLANG_WARN_UNREACHABLE_CODE = YES;
				CLANG_WARN__DUPLICATE_METHOD_MATCH = YES;
				"CODE_SIGN_IDENTITY[sdk=iphoneos*]" = "iPhone Developer";
				COPY_PHASE_STRIP = NO;
				DEBUG_INFORMATION_FORMAT = dwarf;
				ENABLE_STRICT_OBJC_MSGSEND = YES;
				ENABLE_TESTABILITY = YES;
				GCC_C_LANGUAGE_STANDARD = gnu99;
				GCC_DYNAMIC_NO_PIC = NO;
				GCC_NO_COMMON_BLOCKS = YES;
				GCC_OPTIMIZATION_LEVEL = 0;
				GCC_PREPROCESSOR_DEFINITIONS = (
					"DEBUG=1",
					"$(inherited)",
				);
				GCC_WARN_64_TO_32_BIT_CONVERSION = YES;
				GCC_WARN_ABOUT_RETURN_TYPE = YES_ERROR;
				GCC_WARN_UNDECLARED_SELECTOR = YES;
				GCC_WARN_UNINITIALIZED_AUTOS = YES_AGGRESSIVE;
				GCC_WARN_UNUSED_FUNCTION = YES;
				GCC_WARN_UNUSED_VARIABLE = YES;
				IPHONEOS_DEPLOYMENT_TARGET = 9.1;
				MTL_ENABLE_DEBUG_INFO = YES;
				ONLY_ACTIVE_ARCH = YES;
				SDKROOT = iphoneos;
				SWIFT_OPTIMIZATION_LEVEL = "-Onone";
				TARGETED_DEVICE_FAMILY = "1,2";
			};
			name = Debug;
		};
		492680BA1BF03BE700A6C4BD /* Release */ = {
			isa = XCBuildConfiguration;
			buildSettings = {
				ALWAYS_SEARCH_USER_PATHS = NO;
				CLANG_CXX_LANGUAGE_STANDARD = "gnu++0x";
				CLANG_CXX_LIBRARY = "libc++";
				CLANG_ENABLE_MODULES = YES;
				CLANG_ENABLE_OBJC_ARC = YES;
				CLANG_WARN_BOOL_CONVERSION = YES;
				CLANG_WARN_CONSTANT_CONVERSION = YES;
				CLANG_WARN_DIRECT_OBJC_ISA_USAGE = YES_ERROR;
				CLANG_WARN_EMPTY_BODY = YES;
				CLANG_WARN_ENUM_CONVERSION = YES;
				CLANG_WARN_INT_CONVERSION = YES;
				CLANG_WARN_OBJC_ROOT_CLASS = YES_ERROR;
				CLANG_WARN_UNREACHABLE_CODE = YES;
				CLANG_WARN__DUPLICATE_METHOD_MATCH = YES;
				"CODE_SIGN_IDENTITY[sdk=iphoneos*]" = "iPhone Developer";
				COPY_PHASE_STRIP = NO;
				DEBUG_INFORMATION_FORMAT = "dwarf-with-dsym";
				ENABLE_NS_ASSERTIONS = NO;
				ENABLE_STRICT_OBJC_MSGSEND = YES;
				GCC_C_LANGUAGE_STANDARD = gnu99;
				GCC_NO_COMMON_BLOCKS = YES;
				GCC_WARN_64_TO_32_BIT_CONVERSION = YES;
				GCC_WARN_ABOUT_RETURN_TYPE = YES_ERROR;
				GCC_WARN_UNDECLARED_SELECTOR = YES;
				GCC_WARN_UNINITIALIZED_AUTOS = YES_AGGRESSIVE;
				GCC_WARN_UNUSED_FUNCTION = YES;
				GCC_WARN_UNUSED_VARIABLE = YES;
				IPHONEOS_DEPLOYMENT_TARGET = 9.1;
				MTL_ENABLE_DEBUG_INFO = NO;
				SDKROOT = iphoneos;
				TARGETED_DEVICE_FAMILY = "1,2";
				VALIDATE_PRODUCT = YES;
			};
			name = Release;
		};
		492680BC1BF03BE700A6C4BD /* Debug */ = {
			isa = XCBuildConfiguration;
			buildSettings = {
				ASSETCATALOG_COMPILER_APPICON_NAME = AppIcon;
				INFOPLIST_FILE = "Swift-AutoLayout/Info.plist";
				LD_RUNPATH_SEARCH_PATHS = "$(inherited) @executable_path/Frameworks";
				PRODUCT_BUNDLE_IDENTIFIER = "com.tencent..Swift-AutoLayout";
				PRODUCT_NAME = "$(TARGET_NAME)";
			};
			name = Debug;
		};
		492680BD1BF03BE700A6C4BD /* Release */ = {
			isa = XCBuildConfiguration;
			buildSettings = {
				ASSETCATALOG_COMPILER_APPICON_NAME = AppIcon;
				INFOPLIST_FILE = "Swift-AutoLayout/Info.plist";
				LD_RUNPATH_SEARCH_PATHS = "$(inherited) @executable_path/Frameworks";
				PRODUCT_BUNDLE_IDENTIFIER = "com.tencent..Swift-AutoLayout";
				PRODUCT_NAME = "$(TARGET_NAME)";
			};
			name = Release;
		};
/* End XCBuildConfiguration section */

/* Begin XCConfigurationList section */
		492680A41BF03BE700A6C4BD /* Build configuration list for PBXProject "Swift-AutoLayout" */ = {
			isa = XCConfigurationList;
			buildConfigurations = (
				492680B91BF03BE700A6C4BD /* Debug */,
				492680BA1BF03BE700A6C4BD /* Release */,
			);
			defaultConfigurationIsVisible = 0;
			defaultConfigurationName = Release;
		};
		492680BB1BF03BE700A6C4BD /* Build configuration list for PBXNativeTarget "Swift-AutoLayout" */ = {
			isa = XCConfigurationList;
			buildConfigurations = (
				492680BC1BF03BE700A6C4BD /* Debug */,
				492680BD1BF03BE700A6C4BD /* Release */,
			);
			defaultConfigurationIsVisible = 0;
		};
/* End XCConfigurationList section */
	};
	rootObject = 492680A11BF03BE700A6C4BD /* Project object */;
}
